
Microsoft Visual Studio Solution File, Format Version 12.00
# Visual Studio Version 17
VisualStudioVersion = 17.12.35707.178
MinimumVisualStudioVersion = 10.0.40219.1
Project("{8BC9CEB8-8B4A-11D0-8D11-00A0C91BC942}") = "VulkanRenderEngine", "VulkanRenderEngine\VulkanRenderEngine.vcxproj", "{4A3B9536-99EA-41F5-80BC-805218DB7F67}"
EndProject
Global
	GlobalSection(SolutionConfigurationPlatforms) = preSolution
		Debug|x64 = Debug|x64
		Release|x64 = Release|x64
	EndGlobalSection
	GlobalSection(ProjectConfigurationPlatforms) = postSolution
		{4A3B9536-99EA-41F5-80BC-805218DB7F67}.Debug|x64.ActiveCfg = Debug|x64
		{4A3B9536-99EA-41F5-80BC-805218DB7F67}.Debug|x64.Build.0 = Debug|x64
		{4A3B9536-99EA-41F5-80BC-805218DB7F67}.Release|x64.ActiveCfg = Release|x64
		{4A3B9536-99EA-41F5-80BC-805218DB7F67}.Release|x64.Build.0 = Release|x64
	EndGlobalSection
	GlobalSection(SolutionProperties) = preSolution
		HideSolutionNode = FALSE
	EndGlobalSection
	GlobalSection(ExtensibilityGlobals) = postSolution
		SolutionGuid = {9B345CF3-87F5-44E4-88A8-F412E7EFCB80}
	EndGlobalSection
EndGlobal
